// !$*UTF8*$!
{
	archiveVersion = 1;
	classes = {
	};
	objectVersion = 56;
	objects = {

/* Begin PBXBuildFile section */
		9631D1EB29D56B8600A9D790 /* DeferredTests.swift in Sources */ = {isa = PBXBuildFile; fileRef = 9631D1EA29D56B8600A9D790 /* DeferredTests.swift */; };
		9631D28029D6242700A9D790 /* RecordTests.swift in Sources */ = {isa = PBXBuildFile; fileRef = 9631D27F29D6242700A9D790 /* RecordTests.swift */; };
		9631D29329D7003C00A9D790 /* DefaultValue.swift in Sources */ = {isa = PBXBuildFile; fileRef = 9631D29229D7003C00A9D790 /* DefaultValue.swift */; };
		9631D29529D7036200A9D790 /* DefaultValueTests.swift in Sources */ = {isa = PBXBuildFile; fileRef = 9631D29429D7036200A9D790 /* DefaultValueTests.swift */; };
		9631D29729D70A6900A9D790 /* DefaultError.swift in Sources */ = {isa = PBXBuildFile; fileRef = 9631D29629D70A6900A9D790 /* DefaultError.swift */; };
		9631D29929D70D6A00A9D790 /* DefaultErrorTests.swift in Sources */ = {isa = PBXBuildFile; fileRef = 9631D29829D70D6A00A9D790 /* DefaultErrorTests.swift */; };
		9631D29C29DA736200A9D790 /* NotificationTests.swift in Sources */ = {isa = PBXBuildFile; fileRef = 9631D29B29DA736200A9D790 /* NotificationTests.swift */; };
		9631D29E29DB503900A9D790 /* URLSessionTests.swift in Sources */ = {isa = PBXBuildFile; fileRef = 9631D29D29DB503900A9D790 /* URLSessionTests.swift */; };
		9642B75129D2130500CB89C8 /* CombineDemoApp.swift in Sources */ = {isa = PBXBuildFile; fileRef = 9642B75029D2130500CB89C8 /* CombineDemoApp.swift */; };
		9642B75329D2130500CB89C8 /* ContentView.swift in Sources */ = {isa = PBXBuildFile; fileRef = 9642B75229D2130500CB89C8 /* ContentView.swift */; };
		9642B75529D2130600CB89C8 /* Assets.xcassets in Resources */ = {isa = PBXBuildFile; fileRef = 9642B75429D2130600CB89C8 /* Assets.xcassets */; };
		9642B75929D2130600CB89C8 /* Preview Assets.xcassets in Resources */ = {isa = PBXBuildFile; fileRef = 9642B75829D2130600CB89C8 /* Preview Assets.xcassets */; };
		9642B76329D2130600CB89C8 /* CombineDemoTests.swift in Sources */ = {isa = PBXBuildFile; fileRef = 9642B76229D2130600CB89C8 /* CombineDemoTests.swift */; };
		9642B76D29D2130600CB89C8 /* CombineDemoUITests.swift in Sources */ = {isa = PBXBuildFile; fileRef = 9642B76C29D2130600CB89C8 /* CombineDemoUITests.swift */; };
		9642B76F29D2130600CB89C8 /* CombineDemoUITestsLaunchTests.swift in Sources */ = {isa = PBXBuildFile; fileRef = 9642B76E29D2130600CB89C8 /* CombineDemoUITestsLaunchTests.swift */; };
		9642B77E29D2149A00CB89C8 /* JustTests.swift in Sources */ = {isa = PBXBuildFile; fileRef = 9642B77D29D2149A00CB89C8 /* JustTests.swift */; };
		9642B78029D2876200CB89C8 /* FutureTests.swift in Sources */ = {isa = PBXBuildFile; fileRef = 9642B77F29D2876200CB89C8 /* FutureTests.swift */; };
		9642B78329D28DEA00CB89C8 /* DispatchQueueType.swift in Sources */ = {isa = PBXBuildFile; fileRef = 9642B78229D28DEA00CB89C8 /* DispatchQueueType.swift */; };
		9642B7A529D365D100CB89C8 /* EmptyTests.swift in Sources */ = {isa = PBXBuildFile; fileRef = 9642B7A429D365D100CB89C8 /* EmptyTests.swift */; };
		9642B7A729D369A600CB89C8 /* ApiError.swift in Sources */ = {isa = PBXBuildFile; fileRef = 9642B7A629D369A600CB89C8 /* ApiError.swift */; };
		9642B7F729D4C54600CB89C8 /* FailTests.swift in Sources */ = {isa = PBXBuildFile; fileRef = 9642B7F629D4C54600CB89C8 /* FailTests.swift */; };
/* End PBXBuildFile section */

/* Begin PBXContainerItemProxy section */
		9642B75F29D2130600CB89C8 /* PBXContainerItemProxy */ = {
			isa = PBXContainerItemProxy;
			containerPortal = 9642B74529D2130500CB89C8 /* Project object */;
			proxyType = 1;
			remoteGlobalIDString = 9642B74C29D2130500CB89C8;
			remoteInfo = CombineDemo;
		};
		9642B76929D2130600CB89C8 /* PBXContainerItemProxy */ = {
			isa = PBXContainerItemProxy;
			containerPortal = 9642B74529D2130500CB89C8 /* Project object */;
			proxyType = 1;
			remoteGlobalIDString = 9642B74C29D2130500CB89C8;
			remoteInfo = CombineDemo;
		};
/* End PBXContainerItemProxy section */

/* Begin PBXFileReference section */
		9631D1EA29D56B8600A9D790 /* DeferredTests.swift */ = {isa = PBXFileReference; lastKnownFileType = sourcecode.swift; path = DeferredTests.swift; sourceTree = "<group>"; };
		9631D27F29D6242700A9D790 /* RecordTests.swift */ = {isa = PBXFileReference; lastKnownFileType = sourcecode.swift; path = RecordTests.swift; sourceTree = "<group>"; };
		9631D29229D7003C00A9D790 /* DefaultValue.swift */ = {isa = PBXFileReference; lastKnownFileType = sourcecode.swift; path = DefaultValue.swift; sourceTree = "<group>"; };
		9631D29429D7036200A9D790 /* DefaultValueTests.swift */ = {isa = PBXFileReference; lastKnownFileType = sourcecode.swift; path = DefaultValueTests.swift; sourceTree = "<group>"; };
		9631D29629D70A6900A9D790 /* DefaultError.swift */ = {isa = PBXFileReference; lastKnownFileType = sourcecode.swift; path = DefaultError.swift; sourceTree = "<group>"; };
		9631D29829D70D6A00A9D790 /* DefaultErrorTests.swift */ = {isa = PBXFileReference; lastKnownFileType = sourcecode.swift; path = DefaultErrorTests.swift; sourceTree = "<group>"; };
		9631D29B29DA736200A9D790 /* NotificationTests.swift */ = {isa = PBXFileReference; lastKnownFileType = sourcecode.swift; path = NotificationTests.swift; sourceTree = "<group>"; };
		9631D29D29DB503900A9D790 /* URLSessionTests.swift */ = {isa = PBXFileReference; lastKnownFileType = sourcecode.swift; path = URLSessionTests.swift; sourceTree = "<group>"; };
		9642B74D29D2130500CB89C8 /* CombineDemo.app */ = {isa = PBXFileReference; explicitFileType = wrapper.application; includeInIndex = 0; path = CombineDemo.app; sourceTree = BUILT_PRODUCTS_DIR; };
		9642B75029D2130500CB89C8 /* CombineDemoApp.swift */ = {isa = PBXFileReference; lastKnownFileType = sourcecode.swift; path = CombineDemoApp.swift; sourceTree = "<group>"; };
		9642B75229D2130500CB89C8 /* ContentView.swift */ = {isa = PBXFileReference; lastKnownFileType = sourcecode.swift; path = ContentView.swift; sourceTree = "<group>"; };
		9642B75429D2130600CB89C8 /* Assets.xcassets */ = {isa = PBXFileReference; lastKnownFileType = folder.assetcatalog; path = Assets.xcassets; sourceTree = "<group>"; };
		9642B75629D2130600CB89C8 /* CombineDemo.entitlements */ = {isa = PBXFileReference; lastKnownFileType = text.plist.entitlements; path = CombineDemo.entitlements; sourceTree = "<group>"; };
		9642B75829D2130600CB89C8 /* Preview Assets.xcassets */ = {isa = PBXFileReference; lastKnownFileType = folder.assetcatalog; path = "Preview Assets.xcassets"; sourceTree = "<group>"; };
		9642B75E29D2130600CB89C8 /* CombineDemoTests.xctest */ = {isa = PBXFileReference; explicitFileType = wrapper.cfbundle; includeInIndex = 0; path = CombineDemoTests.xctest; sourceTree = BUILT_PRODUCTS_DIR; };
		9642B76229D2130600CB89C8 /* CombineDemoTests.swift */ = {isa = PBXFileReference; lastKnownFileType = sourcecode.swift; path = CombineDemoTests.swift; sourceTree = "<group>"; };
		9642B76829D2130600CB89C8 /* CombineDemoUITests.xctest */ = {isa = PBXFileReference; explicitFileType = wrapper.cfbundle; includeInIndex = 0; path = CombineDemoUITests.xctest; sourceTree = BUILT_PRODUCTS_DIR; };
		9642B76C29D2130600CB89C8 /* CombineDemoUITests.swift */ = {isa = PBXFileReference; lastKnownFileType = sourcecode.swift; path = CombineDemoUITests.swift; sourceTree = "<group>"; };
		9642B76E29D2130600CB89C8 /* CombineDemoUITestsLaunchTests.swift */ = {isa = PBXFileReference; lastKnownFileType = sourcecode.swift; path = CombineDemoUITestsLaunchTests.swift; sourceTree = "<group>"; };
		9642B77D29D2149A00CB89C8 /* JustTests.swift */ = {isa = PBXFileReference; lastKnownFileType = sourcecode.swift; path = JustTests.swift; sourceTree = "<group>"; };
		9642B77F29D2876200CB89C8 /* FutureTests.swift */ = {isa = PBXFileReference; lastKnownFileType = sourcecode.swift; path = FutureTests.swift; sourceTree = "<group>"; };
		9642B78229D28DEA00CB89C8 /* DispatchQueueType.swift */ = {isa = PBXFileReference; lastKnownFileType = sourcecode.swift; path = DispatchQueueType.swift; sourceTree = "<group>"; };
		9642B7A429D365D100CB89C8 /* EmptyTests.swift */ = {isa = PBXFileReference; lastKnownFileType = sourcecode.swift; path = EmptyTests.swift; sourceTree = "<group>"; };
		9642B7A629D369A600CB89C8 /* ApiError.swift */ = {isa = PBXFileReference; lastKnownFileType = sourcecode.swift; path = ApiError.swift; sourceTree = "<group>"; };
		9642B7F629D4C54600CB89C8 /* FailTests.swift */ = {isa = PBXFileReference; lastKnownFileType = sourcecode.swift; path = FailTests.swift; sourceTree = "<group>"; };
/* End PBXFileReference section */

/* Begin PBXFrameworksBuildPhase section */
		9642B74A29D2130500CB89C8 /* Frameworks */ = {
			isa = PBXFrameworksBuildPhase;
			buildActionMask = 2147483647;
			files = (
			);
			runOnlyForDeploymentPostprocessing = 0;
		};
		9642B75B29D2130600CB89C8 /* Frameworks */ = {
			isa = PBXFrameworksBuildPhase;
			buildActionMask = 2147483647;
			files = (
			);
			runOnlyForDeploymentPostprocessing = 0;
		};
		9642B76529D2130600CB89C8 /* Frameworks */ = {
			isa = PBXFrameworksBuildPhase;
			buildActionMask = 2147483647;
			files = (
			);
			runOnlyForDeploymentPostprocessing = 0;
		};
/* End PBXFrameworksBuildPhase section */

/* Begin PBXGroup section */
		9631D29129D6FFF500A9D790 /* CustomPublishers */ = {
			isa = PBXGroup;
			children = (
				9631D29229D7003C00A9D790 /* DefaultValue.swift */,
				9631D29629D70A6900A9D790 /* DefaultError.swift */,
			);
			path = CustomPublishers;
			sourceTree = "<group>";
		};
		9631D29A29DA733700A9D790 /* Practice */ = {
			isa = PBXGroup;
			children = (
				9631D29B29DA736200A9D790 /* NotificationTests.swift */,
				9631D29D29DB503900A9D790 /* URLSessionTests.swift */,
			);
			path = Practice;
			sourceTree = "<group>";
		};
		9642B74429D2130500CB89C8 = {
			isa = PBXGroup;
			children = (
				9642B74F29D2130500CB89C8 /* CombineDemo */,
				9642B76129D2130600CB89C8 /* CombineDemoTests */,
				9642B76B29D2130600CB89C8 /* CombineDemoUITests */,
				9642B74E29D2130500CB89C8 /* Products */,
			);
			sourceTree = "<group>";
		};
		9642B74E29D2130500CB89C8 /* Products */ = {
			isa = PBXGroup;
			children = (
				9642B74D29D2130500CB89C8 /* CombineDemo.app */,
				9642B75E29D2130600CB89C8 /* CombineDemoTests.xctest */,
				9642B76829D2130600CB89C8 /* CombineDemoUITests.xctest */,
			);
			name = Products;
			sourceTree = "<group>";
		};
		9642B74F29D2130500CB89C8 /* CombineDemo */ = {
			isa = PBXGroup;
			children = (
				9631D29129D6FFF500A9D790 /* CustomPublishers */,
				9642B75029D2130500CB89C8 /* CombineDemoApp.swift */,
				9642B75229D2130500CB89C8 /* ContentView.swift */,
				9642B75429D2130600CB89C8 /* Assets.xcassets */,
				9642B75629D2130600CB89C8 /* CombineDemo.entitlements */,
				9642B75729D2130600CB89C8 /* Preview Content */,
			);
			path = CombineDemo;
			sourceTree = "<group>";
		};
		9642B75729D2130600CB89C8 /* Preview Content */ = {
			isa = PBXGroup;
			children = (
				9642B75829D2130600CB89C8 /* Preview Assets.xcassets */,
			);
			path = "Preview Content";
			sourceTree = "<group>";
		};
		9642B76129D2130600CB89C8 /* CombineDemoTests */ = {
			isa = PBXGroup;
			children = (
				9642B78129D28DCE00CB89C8 /* TestHelpers */,
				9642B77B29D2144800CB89C8 /* Publishers */,
				9642B76229D2130600CB89C8 /* CombineDemoTests.swift */,
			);
			path = CombineDemoTests;
			sourceTree = "<group>";
		};
		9642B76B29D2130600CB89C8 /* CombineDemoUITests */ = {
			isa = PBXGroup;
			children = (
				9642B76C29D2130600CB89C8 /* CombineDemoUITests.swift */,
				9642B76E29D2130600CB89C8 /* CombineDemoUITestsLaunchTests.swift */,
			);
			path = CombineDemoUITests;
			sourceTree = "<group>";
		};
		9642B77B29D2144800CB89C8 /* Publishers */ = {
			isa = PBXGroup;
			children = (
				9642B77C29D2145B00CB89C8 /* BuiltInPublishers */,
				9631D29A29DA733700A9D790 /* Practice */,
			);
			path = Publishers;
			sourceTree = "<group>";
		};
		9642B77C29D2145B00CB89C8 /* BuiltInPublishers */ = {
			isa = PBXGroup;
			children = (
				9631D29829D70D6A00A9D790 /* DefaultErrorTests.swift */,
				9631D29429D7036200A9D790 /* DefaultValueTests.swift */,
				9631D1EA29D56B8600A9D790 /* DeferredTests.swift */,
				9642B7A429D365D100CB89C8 /* EmptyTests.swift */,
				9642B7F629D4C54600CB89C8 /* FailTests.swift */,
				9642B77F29D2876200CB89C8 /* FutureTests.swift */,
				9642B77D29D2149A00CB89C8 /* JustTests.swift */,
				9631D27F29D6242700A9D790 /* RecordTests.swift */,
			);
			path = BuiltInPublishers;
			sourceTree = "<group>";
		};
		9642B78129D28DCE00CB89C8 /* TestHelpers */ = {
			isa = PBXGroup;
			children = (
				9642B78229D28DEA00CB89C8 /* DispatchQueueType.swift */,
				9642B7A629D369A600CB89C8 /* ApiError.swift */,
			);
			path = TestHelpers;
			sourceTree = "<group>";
		};
/* End PBXGroup section */

/* Begin PBXNativeTarget section */
		9642B74C29D2130500CB89C8 /* CombineDemo */ = {
			isa = PBXNativeTarget;
			buildConfigurationList = 9642B77229D2130600CB89C8 /* Build configuration list for PBXNativeTarget "CombineDemo" */;
			buildPhases = (
				9642B74929D2130500CB89C8 /* Sources */,
				9642B74A29D2130500CB89C8 /* Frameworks */,
				9642B74B29D2130500CB89C8 /* Resources */,
			);
			buildRules = (
			);
			dependencies = (
			);
			name = CombineDemo;
			productName = CombineDemo;
			productReference = 9642B74D29D2130500CB89C8 /* CombineDemo.app */;
			productType = "com.apple.product-type.application";
		};
		9642B75D29D2130600CB89C8 /* CombineDemoTests */ = {
			isa = PBXNativeTarget;
			buildConfigurationList = 9642B77529D2130600CB89C8 /* Build configuration list for PBXNativeTarget "CombineDemoTests" */;
			buildPhases = (
				9642B75A29D2130600CB89C8 /* Sources */,
				9642B75B29D2130600CB89C8 /* Frameworks */,
				9642B75C29D2130600CB89C8 /* Resources */,
			);
			buildRules = (
			);
			dependencies = (
				9642B76029D2130600CB89C8 /* PBXTargetDependency */,
			);
			name = CombineDemoTests;
			productName = CombineDemoTests;
			productReference = 9642B75E29D2130600CB89C8 /* CombineDemoTests.xctest */;
			productType = "com.apple.product-type.bundle.unit-test";
		};
		9642B76729D2130600CB89C8 /* CombineDemoUITests */ = {
			isa = PBXNativeTarget;
			buildConfigurationList = 9642B77829D2130600CB89C8 /* Build configuration list for PBXNativeTarget "CombineDemoUITests" */;
			buildPhases = (
				9642B76429D2130600CB89C8 /* Sources */,
				9642B76529D2130600CB89C8 /* Frameworks */,
				9642B76629D2130600CB89C8 /* Resources */,
			);
			buildRules = (
			);
			dependencies = (
				9642B76A29D2130600CB89C8 /* PBXTargetDependency */,
			);
			name = CombineDemoUITests;
			productName = CombineDemoUITests;
			productReference = 9642B76829D2130600CB89C8 /* CombineDemoUITests.xctest */;
			productType = "com.apple.product-type.bundle.ui-testing";
		};
/* End PBXNativeTarget section */

/* Begin PBXProject section */
		9642B74529D2130500CB89C8 /* Project object */ = {
			isa = PBXProject;
			attributes = {
				BuildIndependentTargetsInParallel = 1;
				LastSwiftUpdateCheck = 1410;
				LastUpgradeCheck = 1410;
				TargetAttributes = {
					9642B74C29D2130500CB89C8 = {
						CreatedOnToolsVersion = 14.1;
					};
					9642B75D29D2130600CB89C8 = {
						CreatedOnToolsVersion = 14.1;
						TestTargetID = 9642B74C29D2130500CB89C8;
					};
					9642B76729D2130600CB89C8 = {
						CreatedOnToolsVersion = 14.1;
						TestTargetID = 9642B74C29D2130500CB89C8;
					};
				};
			};
			buildConfigurationList = 9642B74829D2130500CB89C8 /* Build configuration list for PBXProject "CombineDemo" */;
			compatibilityVersion = "Xcode 14.0";
			developmentRegion = en;
			hasScannedForEncodings = 0;
			knownRegions = (
				en,
				Base,
			);
			mainGroup = 9642B74429D2130500CB89C8;
			productRefGroup = 9642B74E29D2130500CB89C8 /* Products */;
			projectDirPath = "";
			projectRoot = "";
			targets = (
				9642B74C29D2130500CB89C8 /* CombineDemo */,
				9642B75D29D2130600CB89C8 /* CombineDemoTests */,
				9642B76729D2130600CB89C8 /* CombineDemoUITests */,
			);
		};
/* End PBXProject section */

/* Begin PBXResourcesBuildPhase section */
		9642B74B29D2130500CB89C8 /* Resources */ = {
			isa = PBXResourcesBuildPhase;
			buildActionMask = 2147483647;
			files = (
				9642B75929D2130600CB89C8 /* Preview Assets.xcassets in Resources */,
				9642B75529D2130600CB89C8 /* Assets.xcassets in Resources */,
			);
			runOnlyForDeploymentPostprocessing = 0;
		};
		9642B75C29D2130600CB89C8 /* Resources */ = {
			isa = PBXResourcesBuildPhase;
			buildActionMask = 2147483647;
			files = (
			);
			runOnlyForDeploymentPostprocessing = 0;
		};
		9642B76629D2130600CB89C8 /* Resources */ = {
			isa = PBXResourcesBuildPhase;
			buildActionMask = 2147483647;
			files = (
			);
			runOnlyForDeploymentPostprocessing = 0;
		};
/* End PBXResourcesBuildPhase section */

/* Begin PBXSourcesBuildPhase section */
		9642B74929D2130500CB89C8 /* Sources */ = {
			isa = PBXSourcesBuildPhase;
			buildActionMask = 2147483647;
			files = (
				9631D29729D70A6900A9D790 /* DefaultError.swift in Sources */,
				9642B75329D2130500CB89C8 /* ContentView.swift in Sources */,
				9631D29329D7003C00A9D790 /* DefaultValue.swift in Sources */,
				9642B75129D2130500CB89C8 /* CombineDemoApp.swift in Sources */,
			);
			runOnlyForDeploymentPostprocessing = 0;
		};
		9642B75A29D2130600CB89C8 /* Sources */ = {
			isa = PBXSourcesBuildPhase;
			buildActionMask = 2147483647;
			files = (
				9642B7A529D365D100CB89C8 /* EmptyTests.swift in Sources */,
				9631D29529D7036200A9D790 /* DefaultValueTests.swift in Sources */,
				9642B76329D2130600CB89C8 /* CombineDemoTests.swift in Sources */,
				9631D1EB29D56B8600A9D790 /* DeferredTests.swift in Sources */,
				9631D29C29DA736200A9D790 /* NotificationTests.swift in Sources */,
				9642B78329D28DEA00CB89C8 /* DispatchQueueType.swift in Sources */,
				9631D29E29DB503900A9D790 /* URLSessionTests.swift in Sources */,
				9642B77E29D2149A00CB89C8 /* JustTests.swift in Sources */,
				9631D28029D6242700A9D790 /* RecordTests.swift in Sources */,
				9642B78029D2876200CB89C8 /* FutureTests.swift in Sources */,
				9642B7A729D369A600CB89C8 /* ApiError.swift in Sources */,
				9631D29929D70D6A00A9D790 /* DefaultErrorTests.swift in Sources */,
				9642B7F729D4C54600CB89C8 /* FailTests.swift in Sources */,
			);
			runOnlyForDeploymentPostprocessing = 0;
		};
		9642B76429D2130600CB89C8 /* Sources */ = {
			isa = PBXSourcesBuildPhase;
			buildActionMask = 2147483647;
			files = (
				9642B76D29D2130600CB89C8 /* CombineDemoUITests.swift in Sources */,
				9642B76F29D2130600CB89C8 /* CombineDemoUITestsLaunchTests.swift in Sources */,
			);
			runOnlyForDeploymentPostprocessing = 0;
		};
/* End PBXSourcesBuildPhase section */

/* Begin PBXTargetDependency section */
		9642B76029D2130600CB89C8 /* PBXTargetDependency */ = {
			isa = PBXTargetDependency;
			target = 9642B74C29D2130500CB89C8 /* CombineDemo */;
			targetProxy = 9642B75F29D2130600CB89C8 /* PBXContainerItemProxy */;
		};
		9642B76A29D2130600CB89C8 /* PBXTargetDependency */ = {
			isa = PBXTargetDependency;
			target = 9642B74C29D2130500CB89C8 /* CombineDemo */;
			targetProxy = 9642B76929D2130600CB89C8 /* PBXContainerItemProxy */;
		};
/* End PBXTargetDependency section */

/* Begin XCBuildConfiguration section */
		9642B77029D2130600CB89C8 /* Debug */ = {
			isa = XCBuildConfiguration;
			buildSettings = {
				ALWAYS_SEARCH_USER_PATHS = NO;
				CLANG_ANALYZER_NONNULL = YES;
				CLANG_ANALYZER_NUMBER_OBJECT_CONVERSION = YES_AGGRESSIVE;
				CLANG_CXX_LANGUAGE_STANDARD = "gnu++20";
				CLANG_ENABLE_MODULES = YES;
				CLANG_ENABLE_OBJC_ARC = YES;
				CLANG_ENABLE_OBJC_WEAK = YES;
				CLANG_WARN_BLOCK_CAPTURE_AUTORELEASING = YES;
				CLANG_WARN_BOOL_CONVERSION = YES;
				CLANG_WARN_COMMA = YES;
				CLANG_WARN_CONSTANT_CONVERSION = YES;
				CLANG_WARN_DEPRECATED_OBJC_IMPLEMENTATIONS = YES;
				CLANG_WARN_DIRECT_OBJC_ISA_USAGE = YES_ERROR;
				CLANG_WARN_DOCUMENTATION_COMMENTS = YES;
				CLANG_WARN_EMPTY_BODY = YES;
				CLANG_WARN_ENUM_CONVERSION = YES;
				CLANG_WARN_INFINITE_RECURSION = YES;
				CLANG_WARN_INT_CONVERSION = YES;
				CLANG_WARN_NON_LITERAL_NULL_CONVERSION = YES;
				CLANG_WARN_OBJC_IMPLICIT_RETAIN_SELF = YES;
				CLANG_WARN_OBJC_LITERAL_CONVERSION = YES;
				CLANG_WARN_OBJC_ROOT_CLASS = YES_ERROR;
				CLANG_WARN_QUOTED_INCLUDE_IN_FRAMEWORK_HEADER = YES;
				CLANG_WARN_RANGE_LOOP_ANALYSIS = YES;
				CLANG_WARN_STRICT_PROTOTYPES = YES;
				CLANG_WARN_SUSPICIOUS_MOVE = YES;
				CLANG_WARN_UNGUARDED_AVAILABILITY = YES_AGGRESSIVE;
				CLANG_WARN_UNREACHABLE_CODE = YES;
				CLANG_WARN__DUPLICATE_METHOD_MATCH = YES;
				COPY_PHASE_STRIP = NO;
				DEBUG_INFORMATION_FORMAT = dwarf;
				ENABLE_STRICT_OBJC_MSGSEND = YES;
				ENABLE_TESTABILITY = YES;
				GCC_C_LANGUAGE_STANDARD = gnu11;
				GCC_DYNAMIC_NO_PIC = NO;
				GCC_NO_COMMON_BLOCKS = YES;
				GCC_OPTIMIZATION_LEVEL = 0;
				GCC_PREPROCESSOR_DEFINITIONS = (
					"DEBUG=1",
					"$(inherited)",
				);
				GCC_WARN_64_TO_32_BIT_CONVERSION = YES;
				GCC_WARN_ABOUT_RETURN_TYPE = YES_ERROR;
				GCC_WARN_UNDECLARED_SELECTOR = YES;
				GCC_WARN_UNINITIALIZED_AUTOS = YES_AGGRESSIVE;
				GCC_WARN_UNUSED_FUNCTION = YES;
				GCC_WARN_UNUSED_VARIABLE = YES;
				MTL_ENABLE_DEBUG_INFO = INCLUDE_SOURCE;
				MTL_FAST_MATH = YES;
				ONLY_ACTIVE_ARCH = YES;
				SWIFT_ACTIVE_COMPILATION_CONDITIONS = DEBUG;
				SWIFT_OPTIMIZATION_LEVEL = "-Onone";
			};
			name = Debug;
		};
		9642B77129D2130600CB89C8 /* Release */ = {
			isa = XCBuildConfiguration;
			buildSettings = {
				ALWAYS_SEARCH_USER_PATHS = NO;
				CLANG_ANALYZER_NONNULL = YES;
				CLANG_ANALYZER_NUMBER_OBJECT_CONVERSION = YES_AGGRESSIVE;
				CLANG_CXX_LANGUAGE_STANDARD = "gnu++20";
				CLANG_ENABLE_MODULES = YES;
				CLANG_ENABLE_OBJC_ARC = YES;
				CLANG_ENABLE_OBJC_WEAK = YES;
				CLANG_WARN_BLOCK_CAPTURE_AUTORELEASING = YES;
				CLANG_WARN_BOOL_CONVERSION = YES;
				CLANG_WARN_COMMA = YES;
				CLANG_WARN_CONSTANT_CONVERSION = YES;
				CLANG_WARN_DEPRECATED_OBJC_IMPLEMENTATIONS = YES;
				CLANG_WARN_DIRECT_OBJC_ISA_USAGE = YES_ERROR;
				CLANG_WARN_DOCUMENTATION_COMMENTS = YES;
				CLANG_WARN_EMPTY_BODY = YES;
				CLANG_WARN_ENUM_CONVERSION = YES;
				CLANG_WARN_INFINITE_RECURSION = YES;
				CLANG_WARN_INT_CONVERSION = YES;
				CLANG_WARN_NON_LITERAL_NULL_CONVERSION = YES;
				CLANG_WARN_OBJC_IMPLICIT_RETAIN_SELF = YES;
				CLANG_WARN_OBJC_LITERAL_CONVERSION = YES;
				CLANG_WARN_OBJC_ROOT_CLASS = YES_ERROR;
				CLANG_WARN_QUOTED_INCLUDE_IN_FRAMEWORK_HEADER = YES;
				CLANG_WARN_RANGE_LOOP_ANALYSIS = YES;
				CLANG_WARN_STRICT_PROTOTYPES = YES;
				CLANG_WARN_SUSPICIOUS_MOVE = YES;
				CLANG_WARN_UNGUARDED_AVAILABILITY = YES_AGGRESSIVE;
				CLANG_WARN_UNREACHABLE_CODE = YES;
				CLANG_WARN__DUPLICATE_METHOD_MATCH = YES;
				COPY_PHASE_STRIP = NO;
				DEBUG_INFORMATION_FORMAT = "dwarf-with-dsym";
				ENABLE_NS_ASSERTIONS = NO;
				ENABLE_STRICT_OBJC_MSGSEND = YES;
				GCC_C_LANGUAGE_STANDARD = gnu11;
				GCC_NO_COMMON_BLOCKS = YES;
				GCC_WARN_64_TO_32_BIT_CONVERSION = YES;
				GCC_WARN_ABOUT_RETURN_TYPE = YES_ERROR;
				GCC_WARN_UNDECLARED_SELECTOR = YES;
				GCC_WARN_UNINITIALIZED_AUTOS = YES_AGGRESSIVE;
				GCC_WARN_UNUSED_FUNCTION = YES;
				GCC_WARN_UNUSED_VARIABLE = YES;
				MTL_ENABLE_DEBUG_INFO = NO;
				MTL_FAST_MATH = YES;
				SWIFT_COMPILATION_MODE = wholemodule;
				SWIFT_OPTIMIZATION_LEVEL = "-O";
			};
			name = Release;
		};
		9642B77329D2130600CB89C8 /* Debug */ = {
			isa = XCBuildConfiguration;
			buildSettings = {
				ASSETCATALOG_COMPILER_APPICON_NAME = AppIcon;
				ASSETCATALOG_COMPILER_GLOBAL_ACCENT_COLOR_NAME = AccentColor;
				CODE_SIGN_ENTITLEMENTS = CombineDemo/CombineDemo.entitlements;
				CODE_SIGN_STYLE = Automatic;
				CURRENT_PROJECT_VERSION = 1;
				DEVELOPMENT_ASSET_PATHS = "\"CombineDemo/Preview Content\"";
				ENABLE_PREVIEWS = YES;
				GENERATE_INFOPLIST_FILE = YES;
				"INFOPLIST_KEY_UIApplicationSceneManifest_Generation[sdk=iphoneos*]" = YES;
				"INFOPLIST_KEY_UIApplicationSceneManifest_Generation[sdk=iphonesimulator*]" = YES;
				"INFOPLIST_KEY_UIApplicationSupportsIndirectInputEvents[sdk=iphoneos*]" = YES;
				"INFOPLIST_KEY_UIApplicationSupportsIndirectInputEvents[sdk=iphonesimulator*]" = YES;
				"INFOPLIST_KEY_UILaunchScreen_Generation[sdk=iphoneos*]" = YES;
				"INFOPLIST_KEY_UILaunchScreen_Generation[sdk=iphonesimulator*]" = YES;
				"INFOPLIST_KEY_UIStatusBarStyle[sdk=iphoneos*]" = UIStatusBarStyleDefault;
				"INFOPLIST_KEY_UIStatusBarStyle[sdk=iphonesimulator*]" = UIStatusBarStyleDefault;
				INFOPLIST_KEY_UISupportedInterfaceOrientations_iPad = "UIInterfaceOrientationPortrait UIInterfaceOrientationPortraitUpsideDown UIInterfaceOrientationLandscapeLeft UIInterfaceOrientationLandscapeRight";
				INFOPLIST_KEY_UISupportedInterfaceOrientations_iPhone = "UIInterfaceOrientationPortrait UIInterfaceOrientationLandscapeLeft UIInterfaceOrientationLandscapeRight";
				IPHONEOS_DEPLOYMENT_TARGET = 16.1;
				LD_RUNPATH_SEARCH_PATHS = "@executable_path/Frameworks";
				"LD_RUNPATH_SEARCH_PATHS[sdk=macosx*]" = "@executable_path/../Frameworks";
				MACOSX_DEPLOYMENT_TARGET = 12.5;
				MARKETING_VERSION = 1.0;
				PRODUCT_BUNDLE_IDENTIFIER = nl.manish.CombineDemo;
				PRODUCT_NAME = "$(TARGET_NAME)";
				SDKROOT = auto;
				SUPPORTED_PLATFORMS = "iphoneos iphonesimulator macosx";
				SWIFT_EMIT_LOC_STRINGS = YES;
				SWIFT_VERSION = 5.0;
				TARGETED_DEVICE_FAMILY = "1,2";
			};
			name = Debug;
		};
		9642B77429D2130600CB89C8 /* Release */ = {
			isa = XCBuildConfiguration;
			buildSettings = {
				ASSETCATALOG_COMPILER_APPICON_NAME = AppIcon;
				ASSETCATALOG_COMPILER_GLOBAL_ACCENT_COLOR_NAME = AccentColor;
				CODE_SIGN_ENTITLEMENTS = CombineDemo/CombineDemo.entitlements;
				CODE_SIGN_STYLE = Automatic;
				CURRENT_PROJECT_VERSION = 1;
				DEVELOPMENT_ASSET_PATHS = "\"CombineDemo/Preview Content\"";
				ENABLE_PREVIEWS = YES;
				GENERATE_INFOPLIST_FILE = YES;
				"INFOPLIST_KEY_UIApplicationSceneManifest_Generation[sdk=iphoneos*]" = YES;
				"INFOPLIST_KEY_UIApplicationSceneManifest_Generation[sdk=iphonesimulator*]" = YES;
				"INFOPLIST_KEY_UIApplicationSupportsIndirectInputEvents[sdk=iphoneos*]" = YES;
				"INFOPLIST_KEY_UIApplicationSupportsIndirectInputEvents[sdk=iphonesimulator*]" = YES;
				"INFOPLIST_KEY_UILaunchScreen_Generation[sdk=iphoneos*]" = YES;
				"INFOPLIST_KEY_UILaunchScreen_Generation[sdk=iphonesimulator*]" = YES;
				"INFOPLIST_KEY_UIStatusBarStyle[sdk=iphoneos*]" = UIStatusBarStyleDefault;
				"INFOPLIST_KEY_UIStatusBarStyle[sdk=iphonesimulator*]" = UIStatusBarStyleDefault;
				INFOPLIST_KEY_UISupportedInterfaceOrientations_iPad = "UIInterfaceOrientationPortrait UIInterfaceOrientationPortraitUpsideDown UIInterfaceOrientationLandscapeLeft UIInterfaceOrientationLandscapeRight";
				INFOPLIST_KEY_UISupportedInterfaceOrientations_iPhone = "UIInterfaceOrientationPortrait UIInterfaceOrientationLandscapeLeft UIInterfaceOrientationLandscapeRight";
				IPHONEOS_DEPLOYMENT_TARGET = 16.1;
				LD_RUNPATH_SEARCH_PATHS = "@executable_path/Frameworks";
				"LD_RUNPATH_SEARCH_PATHS[sdk=macosx*]" = "@executable_path/../Frameworks";
				MACOSX_DEPLOYMENT_TARGET = 12.5;
				MARKETING_VERSION = 1.0;
				PRODUCT_BUNDLE_IDENTIFIER = nl.manish.CombineDemo;
				PRODUCT_NAME = "$(TARGET_NAME)";
				SDKROOT = auto;
				SUPPORTED_PLATFORMS = "iphoneos iphonesimulator macosx";
				SWIFT_EMIT_LOC_STRINGS = YES;
				SWIFT_VERSION = 5.0;
				TARGETED_DEVICE_FAMILY = "1,2";
			};
			name = Release;
		};
		9642B77629D2130600CB89C8 /* Debug */ = {
			isa = XCBuildConfiguration;
			buildSettings = {
				ALWAYS_EMBED_SWIFT_STANDARD_LIBRARIES = YES;
				BUNDLE_LOADER = "$(TEST_HOST)";
				CODE_SIGN_STYLE = Automatic;
				CURRENT_PROJECT_VERSION = 1;
				GENERATE_INFOPLIST_FILE = YES;
				IPHONEOS_DEPLOYMENT_TARGET = 16.1;
				MACOSX_DEPLOYMENT_TARGET = 12.5;
				MARKETING_VERSION = 1.0;
				PRODUCT_BUNDLE_IDENTIFIER = nl.manish.CombineDemoTests;
				PRODUCT_NAME = "$(TARGET_NAME)";
				SDKROOT = auto;
				SUPPORTED_PLATFORMS = "iphoneos iphonesimulator macosx";
				SWIFT_EMIT_LOC_STRINGS = NO;
				SWIFT_VERSION = 5.0;
				TARGETED_DEVICE_FAMILY = "1,2";
				TEST_HOST = "$(BUILT_PRODUCTS_DIR)/CombineDemo.app/$(BUNDLE_EXECUTABLE_FOLDER_PATH)/CombineDemo";
			};
			name = Debug;
		};
		9642B77729D2130600CB89C8 /* Release */ = {
			isa = XCBuildConfiguration;
			buildSettings = {
				ALWAYS_EMBED_SWIFT_STANDARD_LIBRARIES = YES;
				BUNDLE_LOADER = "$(TEST_HOST)";
				CODE_SIGN_STYLE = Automatic;
				CURRENT_PROJECT_VERSION = 1;
				GENERATE_INFOPLIST_FILE = YES;
				IPHONEOS_DEPLOYMENT_TARGET = 16.1;
				MACOSX_DEPLOYMENT_TARGET = 12.5;
				MARKETING_VERSION = 1.0;
				PRODUCT_BUNDLE_IDENTIFIER = nl.manish.CombineDemoTests;
				PRODUCT_NAME = "$(TARGET_NAME)";
				SDKROOT = auto;
				SUPPORTED_PLATFORMS = "iphoneos iphonesimulator macosx";
				SWIFT_EMIT_LOC_STRINGS = NO;
				SWIFT_VERSION = 5.0;
				TARGETED_DEVICE_FAMILY = "1,2";
				TEST_HOST = "$(BUILT_PRODUCTS_DIR)/CombineDemo.app/$(BUNDLE_EXECUTABLE_FOLDER_PATH)/CombineDemo";
			};
			name = Release;
		};
		9642B77929D2130600CB89C8 /* Debug */ = {
			isa = XCBuildConfiguration;
			buildSettings = {
				ALWAYS_EMBED_SWIFT_STANDARD_LIBRARIES = YES;
				CODE_SIGN_STYLE = Automatic;
				CURRENT_PROJECT_VERSION = 1;
				GENERATE_INFOPLIST_FILE = YES;
				IPHONEOS_DEPLOYMENT_TARGET = 16.1;
				MACOSX_DEPLOYMENT_TARGET = 12.5;
				MARKETING_VERSION = 1.0;
				PRODUCT_BUNDLE_IDENTIFIER = nl.manish.CombineDemoUITests;
				PRODUCT_NAME = "$(TARGET_NAME)";
				SDKROOT = auto;
				SUPPORTED_PLATFORMS = "iphoneos iphonesimulator macosx";
				SWIFT_EMIT_LOC_STRINGS = NO;
				SWIFT_VERSION = 5.0;
				TARGETED_DEVICE_FAMILY = "1,2";
				TEST_TARGET_NAME = CombineDemo;
			};
			name = Debug;
		};
		9642B77A29D2130600CB89C8 /* Release */ = {
			isa = XCBuildConfiguration;
			buildSettings = {
				ALWAYS_EMBED_SWIFT_STANDARD_LIBRARIES = YES;
				CODE_SIGN_STYLE = Automatic;
				CURRENT_PROJECT_VERSION = 1;
				GENERATE_INFOPLIST_FILE = YES;
				IPHONEOS_DEPLOYMENT_TARGET = 16.1;
				MACOSX_DEPLOYMENT_TARGET = 12.5;
				MARKETING_VERSION = 1.0;
				PRODUCT_BUNDLE_IDENTIFIER = nl.manish.CombineDemoUITests;
				PRODUCT_NAME = "$(TARGET_NAME)";
				SDKROOT = auto;
				SUPPORTED_PLATFORMS = "iphoneos iphonesimulator macosx";
				SWIFT_EMIT_LOC_STRINGS = NO;
				SWIFT_VERSION = 5.0;
				TARGETED_DEVICE_FAMILY = "1,2";
				TEST_TARGET_NAME = CombineDemo;
			};
			name = Release;
		};
/* End XCBuildConfiguration section */

/* Begin XCConfigurationList section */
		9642B74829D2130500CB89C8 /* Build configuration list for PBXProject "CombineDemo" */ = {
			isa = XCConfigurationList;
			buildConfigurations = (
				9642B77029D2130600CB89C8 /* Debug */,
				9642B77129D2130600CB89C8 /* Release */,
			);
			defaultConfigurationIsVisible = 0;
			defaultConfigurationName = Release;
		};
		9642B77229D2130600CB89C8 /* Build configuration list for PBXNativeTarget "CombineDemo" */ = {
			isa = XCConfigurationList;
			buildConfigurations = (
				9642B77329D2130600CB89C8 /* Debug */,
				9642B77429D2130600CB89C8 /* Release */,
			);
			defaultConfigurationIsVisible = 0;
			defaultConfigurationName = Release;
		};
		9642B77529D2130600CB89C8 /* Build configuration list for PBXNativeTarget "CombineDemoTests" */ = {
			isa = XCConfigurationList;
			buildConfigurations = (
				9642B77629D2130600CB89C8 /* Debug */,
				9642B77729D2130600CB89C8 /* Release */,
			);
			defaultConfigurationIsVisible = 0;
			defaultConfigurationName = Release;
		};
		9642B77829D2130600CB89C8 /* Build configuration list for PBXNativeTarget "CombineDemoUITests" */ = {
			isa = XCConfigurationList;
			buildConfigurations = (
				9642B77929D2130600CB89C8 /* Debug */,
				9642B77A29D2130600CB89C8 /* Release */,
			);
			defaultConfigurationIsVisible = 0;
			defaultConfigurationName = Release;
		};
/* End XCConfigurationList section */
	};
	rootObject = 9642B74529D2130500CB89C8 /* Project object */;
}
